
Microsoft Visual Studio Solution File, Format Version 12.00
# Visual Studio Version 16
VisualStudioVersion = 16.0.31729.503
MinimumVisualStudioVersion = 10.0.40219.1
Project("{FAE04EC0-301F-11D3-BF4B-00C04F79EFBC}") = "Kaptan Pansiyon v1", "Kaptan Pansiyon v1\Kaptan Pansiyon v1.csproj", "{0D02B62F-E579-4256-ADBB-13D139B0C6F3}"
EndProject
Global
	GlobalSection(SolutionConfigurationPlatforms) = preSolution
		Debug|Any CPU = Debug|Any CPU
		Release|Any CPU = Release|Any CPU
	EndGlobalSection
	GlobalSection(ProjectConfigurationPlatforms) = postSolution
		{0D02B62F-E579-4256-ADBB-13D139B0C6F3}.Debug|Any CPU.ActiveCfg = Debug|Any CPU
		{0D02B62F-E579-4256-ADBB-13D139B0C6F3}.Debug|Any CPU.Build.0 = Debug|Any CPU
		{0D02B62F-E579-4256-ADBB-13D139B0C6F3}.Release|Any CPU.ActiveCfg = Release|Any CPU
		{0D02B62F-E579-4256-ADBB-13D139B0C6F3}.Release|Any CPU.Build.0 = Release|Any CPU
	EndGlobalSection
	GlobalSection(SolutionProperties) = preSolution
		HideSolutionNode = FALSE
	EndGlobalSection
	GlobalSection(ExtensibilityGlobals) = postSolution
		SolutionGuid = {DC2689AF-FC8E-483D-989D-63099C218A16}
	EndGlobalSection
EndGlobal
